// !$*UTF8*$!
{
	archiveVersion = 1;
	classes = {
	};
	objectVersion = 46;
	objects = {

/* Begin PBXBuildFile section */
		9500686C206AC09C0047B1B6 /* DeckDetailViewController.swift in Sources */ = {isa = PBXBuildFile; fileRef = 9500686B206AC09C0047B1B6 /* DeckDetailViewController.swift */; };
		950495DF209637D4007DED29 /* ManaCoverageCell.swift in Sources */ = {isa = PBXBuildFile; fileRef = 950495DE209637D4007DED29 /* ManaCoverageCell.swift */; };
		950495E120964314007DED29 /* SpecificCardCell.swift in Sources */ = {isa = PBXBuildFile; fileRef = 950495E020964314007DED29 /* SpecificCardCell.swift */; };
		950495E320964E32007DED29 /* CardPropertyCell.swift in Sources */ = {isa = PBXBuildFile; fileRef = 950495E220964E32007DED29 /* CardPropertyCell.swift */; };
		950495E520966085007DED29 /* PlayableCell.swift in Sources */ = {isa = PBXBuildFile; fileRef = 950495E420966085007DED29 /* PlayableCell.swift */; };
		950959DA208D005F007A2812 /* RuleEditViewController.swift in Sources */ = {isa = PBXBuildFile; fileRef = 950959D9208D005F007A2812 /* RuleEditViewController.swift */; };
		950959DD208D01D0007A2812 /* RuleTable.swift in Sources */ = {isa = PBXBuildFile; fileRef = 950959DC208D01D0007A2812 /* RuleTable.swift */; };
		950959DF208F5261007A2812 /* ConditionCell.swift in Sources */ = {isa = PBXBuildFile; fileRef = 950959DE208F5261007A2812 /* ConditionCell.swift */; };
		950959E1208F531E007A2812 /* AddConditionCell.swift in Sources */ = {isa = PBXBuildFile; fileRef = 950959E0208F531E007A2812 /* AddConditionCell.swift */; };
		951940CE208223540033F0F5 /* Simulator-Subcondition-Tests.swift in Sources */ = {isa = PBXBuildFile; fileRef = 951940CD208223540033F0F5 /* Simulator-Subcondition-Tests.swift */; };
		951940D02082AC740033F0F5 /* SimulationResult.swift in Sources */ = {isa = PBXBuildFile; fileRef = 951940CF2082AC740033F0F5 /* SimulationResult.swift */; };
		951940D2208388530033F0F5 /* SimulatorViewController.swift in Sources */ = {isa = PBXBuildFile; fileRef = 951940D1208388530033F0F5 /* SimulatorViewController.swift */; };
		9533B07F2073E684009D570A /* CardImageViewController.swift in Sources */ = {isa = PBXBuildFile; fileRef = 9533B07E2073E684009D570A /* CardImageViewController.swift */; };
		9533B0802073E727009D570A /* Main.storyboard in Resources */ = {isa = PBXBuildFile; fileRef = 956119D2206535B5008943A3 /* Main.storyboard */; };
		9533B0822077D78B009D570A /* DeckBuilder.swift in Sources */ = {isa = PBXBuildFile; fileRef = 9533B0812077D78B009D570A /* DeckBuilder.swift */; };
		954D8B9F2091FB9D000A7070 /* LandConditionCell.swift in Sources */ = {isa = PBXBuildFile; fileRef = 954D8B9E2091FB9D000A7070 /* LandConditionCell.swift */; };
		954D8BA12092B238000A7070 /* Softcondition.swift in Sources */ = {isa = PBXBuildFile; fileRef = 954D8BA02092B238000A7070 /* Softcondition.swift */; };
		95578439207C2A28007F45E8 /* MCardLand.swift in Sources */ = {isa = PBXBuildFile; fileRef = 95578438207C2A27007F45E8 /* MCardLand.swift */; };
		9557843B207E4E12007F45E8 /* FieldState.swift in Sources */ = {isa = PBXBuildFile; fileRef = 9557843A207E4E12007F45E8 /* FieldState.swift */; };
		9557843D207E68FA007F45E8 /* ManaPool.swift in Sources */ = {isa = PBXBuildFile; fileRef = 9557843C207E68FA007F45E8 /* ManaPool.swift */; };
		955C6301206A93690096319E /* PlayerSelectTableViewController.swift in Sources */ = {isa = PBXBuildFile; fileRef = 955C6300206A93690096319E /* PlayerSelectTableViewController.swift */; };
		955C6304206A988C0096319E /* PlayerSelTableView.swift in Sources */ = {isa = PBXBuildFile; fileRef = 955C6303206A988C0096319E /* PlayerSelTableView.swift */; };
		955C6306206A9B440096319E /* PlayerSelectCell.swift in Sources */ = {isa = PBXBuildFile; fileRef = 955C6305206A9B440096319E /* PlayerSelectCell.swift */; };
		955C6308206AA3A80096319E /* DeckSelectViewController.swift in Sources */ = {isa = PBXBuildFile; fileRef = 955C6307206AA3A80096319E /* DeckSelectViewController.swift */; };
		955C630A206AA4110096319E /* DeckSelectTableView.swift in Sources */ = {isa = PBXBuildFile; fileRef = 955C6309206AA4110096319E /* DeckSelectTableView.swift */; };
		955C630D206AA4940096319E /* DeckSelectCell.swift in Sources */ = {isa = PBXBuildFile; fileRef = 955C630C206AA4940096319E /* DeckSelectCell.swift */; };
		955F0CB82087DD6D003A713E /* RuleEditTableView.swift in Sources */ = {isa = PBXBuildFile; fileRef = 955F0CB72087DD6D003A713E /* RuleEditTableView.swift */; };
		955F0CBA2087E218003A713E /* RuleSummaryCell.swift in Sources */ = {isa = PBXBuildFile; fileRef = 955F0CB92087E218003A713E /* RuleSummaryCell.swift */; };
		955F0CBC208A7A91003A713E /* SimulatorProgressViewController.swift in Sources */ = {isa = PBXBuildFile; fileRef = 955F0CBB208A7A91003A713E /* SimulatorProgressViewController.swift */; };
		956119D7206535B5008943A3 /* MTGDecker.xcdatamodeld in Sources */ = {isa = PBXBuildFile; fileRef = 956119D5206535B5008943A3 /* MTGDecker.xcdatamodeld */; };
		956119D9206535B5008943A3 /* Assets.xcassets in Resources */ = {isa = PBXBuildFile; fileRef = 956119D8206535B5008943A3 /* Assets.xcassets */; };
		956119DC206535B5008943A3 /* LaunchScreen.storyboard in Resources */ = {isa = PBXBuildFile; fileRef = 956119DA206535B5008943A3 /* LaunchScreen.storyboard */; };
		956119E7206535B5008943A3 /* MTGDeckerTests.swift in Sources */ = {isa = PBXBuildFile; fileRef = 956119E6206535B5008943A3 /* MTGDeckerTests.swift */; };
		956119F2206535B5008943A3 /* MTGDeckerUITests.swift in Sources */ = {isa = PBXBuildFile; fileRef = 956119F1206535B5008943A3 /* MTGDeckerUITests.swift */; };
		95A22B3720686F2400331C4B /* CardNameList.swift in Sources */ = {isa = PBXBuildFile; fileRef = 95A22B3520686F2400331C4B /* CardNameList.swift */; };
		95A22B3B2068769400331C4B /* CentralNavController.swift in Sources */ = {isa = PBXBuildFile; fileRef = 95A22B3A2068769400331C4B /* CentralNavController.swift */; };
		95D280FA2069AF66008648D0 /* CardNameStarter.rtf in Resources */ = {isa = PBXBuildFile; fileRef = 95D280F92069AF66008648D0 /* CardNameStarter.rtf */; };
		95D280FC2069B097008648D0 /* SetCodeStarter.rtf in Resources */ = {isa = PBXBuildFile; fileRef = 95D280FB2069B097008648D0 /* SetCodeStarter.rtf */; };
		95D2810D2069B90A008648D0 /* Subcondition.swift in Sources */ = {isa = PBXBuildFile; fileRef = 95D280FD2069B90A008648D0 /* Subcondition.swift */; };
		95D2810F2069B90A008648D0 /* DeckNew.swift in Sources */ = {isa = PBXBuildFile; fileRef = 95D280FF2069B90A008648D0 /* DeckNew.swift */; };
		95D281132069B90A008648D0 /* MulliganRuleset.swift in Sources */ = {isa = PBXBuildFile; fileRef = 95D281032069B90A008648D0 /* MulliganRuleset.swift */; };
		95D281152069B90A008648D0 /* Condition.swift in Sources */ = {isa = PBXBuildFile; fileRef = 95D281052069B90A008648D0 /* Condition.swift */; };
		95D281172069B90A008648D0 /* Player.swift in Sources */ = {isa = PBXBuildFile; fileRef = 95D281072069B90A008648D0 /* Player.swift */; };
		95D281192069B90A008648D0 /* MCard.swift in Sources */ = {isa = PBXBuildFile; fileRef = 95D281092069B90A008648D0 /* MCard.swift */; };
		95D2811B2069B90A008648D0 /* KeepRule.swift in Sources */ = {isa = PBXBuildFile; fileRef = 95D2810B2069B90A008648D0 /* KeepRule.swift */; };
		95D2811F2069BABE008648D0 /* SuccessRule.swift in Sources */ = {isa = PBXBuildFile; fileRef = 95D2811D2069BABE008648D0 /* SuccessRule.swift */; };
		95E02DB8207937C600F82A65 /* Simulator.swift in Sources */ = {isa = PBXBuildFile; fileRef = 95E02DB7207937C600F82A65 /* Simulator.swift */; };
		95F4EF2A2072DA1D00F5465C /* MTGSDKSwift.framework in Frameworks */ = {isa = PBXBuildFile; fileRef = 95F4EF292072DA1D00F5465C /* MTGSDKSwift.framework */; };
		95F4EF2B2072DA1D00F5465C /* MTGSDKSwift.framework in Embed Frameworks */ = {isa = PBXBuildFile; fileRef = 95F4EF292072DA1D00F5465C /* MTGSDKSwift.framework */; settings = {ATTRIBUTES = (CodeSignOnCopy, RemoveHeadersOnCopy, ); }; };
		95F4EF2D2072DA5B00F5465C /* MTGSDKSwift.framework in Frameworks */ = {isa = PBXBuildFile; fileRef = 95F4EF292072DA1D00F5465C /* MTGSDKSwift.framework */; };
		95F4EF2E2072DA6600F5465C /* MTGSDKSwift.framework in Frameworks */ = {isa = PBXBuildFile; fileRef = 95F4EF292072DA1D00F5465C /* MTGSDKSwift.framework */; };
		95F4EF312072E50D00F5465C /* MCardImage.swift in Sources */ = {isa = PBXBuildFile; fileRef = 95F4EF2F2072E50D00F5465C /* MCardImage.swift */; };
		95F4EF3520732BD000F5465C /* AppDelegate.swift in Sources */ = {isa = PBXBuildFile; fileRef = 956119CE206535B5008943A3 /* AppDelegate.swift */; };
		95F6721A206AF4F900D0034D /* CardTableView.swift in Sources */ = {isa = PBXBuildFile; fileRef = 95F67219206AF4F900D0034D /* CardTableView.swift */; };
		95F6721C206AF58800D0034D /* CardTableCell.swift in Sources */ = {isa = PBXBuildFile; fileRef = 95F6721B206AF58800D0034D /* CardTableCell.swift */; };
		95F6721E206AFFC700D0034D /* CardSearchViewController.swift in Sources */ = {isa = PBXBuildFile; fileRef = 95F6721D206AFFC700D0034D /* CardSearchViewController.swift */; };
		95F67221206B0AD400D0034D /* CardSearchCell.swift in Sources */ = {isa = PBXBuildFile; fileRef = 95F67220206B0AD400D0034D /* CardSearchCell.swift */; };
/* End PBXBuildFile section */

/* Begin PBXContainerItemProxy section */
		956119E3206535B5008943A3 /* PBXContainerItemProxy */ = {
			isa = PBXContainerItemProxy;
			containerPortal = 956119C3206535B5008943A3 /* Project object */;
			proxyType = 1;
			remoteGlobalIDString = 956119CA206535B5008943A3;
			remoteInfo = MTGDecker;
		};
		956119EE206535B5008943A3 /* PBXContainerItemProxy */ = {
			isa = PBXContainerItemProxy;
			containerPortal = 956119C3206535B5008943A3 /* Project object */;
			proxyType = 1;
			remoteGlobalIDString = 956119CA206535B5008943A3;
			remoteInfo = MTGDecker;
		};
/* End PBXContainerItemProxy section */

/* Begin PBXCopyFilesBuildPhase section */
		95F4EF2C2072DA1D00F5465C /* Embed Frameworks */ = {
			isa = PBXCopyFilesBuildPhase;
			buildActionMask = 2147483647;
			dstPath = "";
			dstSubfolderSpec = 10;
			files = (
				95F4EF2B2072DA1D00F5465C /* MTGSDKSwift.framework in Embed Frameworks */,
			);
			name = "Embed Frameworks";
			runOnlyForDeploymentPostprocessing = 0;
		};
/* End PBXCopyFilesBuildPhase section */

/* Begin PBXFileReference section */
		9500686B206AC09C0047B1B6 /* DeckDetailViewController.swift */ = {isa = PBXFileReference; lastKnownFileType = sourcecode.swift; path = DeckDetailViewController.swift; sourceTree = "<group>"; };
		950495DE209637D4007DED29 /* ManaCoverageCell.swift */ = {isa = PBXFileReference; lastKnownFileType = sourcecode.swift; path = ManaCoverageCell.swift; sourceTree = "<group>"; };
		950495E020964314007DED29 /* SpecificCardCell.swift */ = {isa = PBXFileReference; lastKnownFileType = sourcecode.swift; path = SpecificCardCell.swift; sourceTree = "<group>"; };
		950495E220964E32007DED29 /* CardPropertyCell.swift */ = {isa = PBXFileReference; lastKnownFileType = sourcecode.swift; path = CardPropertyCell.swift; sourceTree = "<group>"; };
		950495E420966085007DED29 /* PlayableCell.swift */ = {isa = PBXFileReference; lastKnownFileType = sourcecode.swift; path = PlayableCell.swift; sourceTree = "<group>"; };
		950959D9208D005F007A2812 /* RuleEditViewController.swift */ = {isa = PBXFileReference; lastKnownFileType = sourcecode.swift; path = RuleEditViewController.swift; sourceTree = "<group>"; };
		950959DC208D01D0007A2812 /* RuleTable.swift */ = {isa = PBXFileReference; lastKnownFileType = sourcecode.swift; path = RuleTable.swift; sourceTree = "<group>"; };
		950959DE208F5261007A2812 /* ConditionCell.swift */ = {isa = PBXFileReference; lastKnownFileType = sourcecode.swift; path = ConditionCell.swift; sourceTree = "<group>"; };
		950959E0208F531E007A2812 /* AddConditionCell.swift */ = {isa = PBXFileReference; lastKnownFileType = sourcecode.swift; path = AddConditionCell.swift; sourceTree = "<group>"; };
		951940CD208223540033F0F5 /* Simulator-Subcondition-Tests.swift */ = {isa = PBXFileReference; lastKnownFileType = sourcecode.swift; path = "Simulator-Subcondition-Tests.swift"; sourceTree = "<group>"; };
		951940CF2082AC740033F0F5 /* SimulationResult.swift */ = {isa = PBXFileReference; lastKnownFileType = sourcecode.swift; path = SimulationResult.swift; sourceTree = "<group>"; };
		951940D1208388530033F0F5 /* SimulatorViewController.swift */ = {isa = PBXFileReference; lastKnownFileType = sourcecode.swift; path = SimulatorViewController.swift; sourceTree = "<group>"; };
		9533B07E2073E684009D570A /* CardImageViewController.swift */ = {isa = PBXFileReference; lastKnownFileType = sourcecode.swift; path = CardImageViewController.swift; sourceTree = "<group>"; };
		9533B0812077D78B009D570A /* DeckBuilder.swift */ = {isa = PBXFileReference; lastKnownFileType = sourcecode.swift; path = DeckBuilder.swift; sourceTree = "<group>"; };
		954D8B9E2091FB9D000A7070 /* LandConditionCell.swift */ = {isa = PBXFileReference; lastKnownFileType = sourcecode.swift; path = LandConditionCell.swift; sourceTree = "<group>"; };
		954D8BA02092B238000A7070 /* Softcondition.swift */ = {isa = PBXFileReference; lastKnownFileType = sourcecode.swift; path = Softcondition.swift; sourceTree = "<group>"; };
		95578438207C2A27007F45E8 /* MCardLand.swift */ = {isa = PBXFileReference; lastKnownFileType = sourcecode.swift; path = MCardLand.swift; sourceTree = "<group>"; };
		9557843A207E4E12007F45E8 /* FieldState.swift */ = {isa = PBXFileReference; lastKnownFileType = sourcecode.swift; path = FieldState.swift; sourceTree = "<group>"; };
		9557843C207E68FA007F45E8 /* ManaPool.swift */ = {isa = PBXFileReference; lastKnownFileType = sourcecode.swift; path = ManaPool.swift; sourceTree = "<group>"; };
		955C6300206A93690096319E /* PlayerSelectTableViewController.swift */ = {isa = PBXFileReference; lastKnownFileType = sourcecode.swift; path = PlayerSelectTableViewController.swift; sourceTree = "<group>"; };
		955C6303206A988C0096319E /* PlayerSelTableView.swift */ = {isa = PBXFileReference; lastKnownFileType = sourcecode.swift; path = PlayerSelTableView.swift; sourceTree = "<group>"; };
		955C6305206A9B440096319E /* PlayerSelectCell.swift */ = {isa = PBXFileReference; lastKnownFileType = sourcecode.swift; path = PlayerSelectCell.swift; sourceTree = "<group>"; };
		955C6307206AA3A80096319E /* DeckSelectViewController.swift */ = {isa = PBXFileReference; lastKnownFileType = sourcecode.swift; path = DeckSelectViewController.swift; sourceTree = "<group>"; };
		955C6309206AA4110096319E /* DeckSelectTableView.swift */ = {isa = PBXFileReference; lastKnownFileType = sourcecode.swift; path = DeckSelectTableView.swift; sourceTree = "<group>"; };
		955C630C206AA4940096319E /* DeckSelectCell.swift */ = {isa = PBXFileReference; lastKnownFileType = sourcecode.swift; path = DeckSelectCell.swift; sourceTree = "<group>"; };
		955F0CB72087DD6D003A713E /* RuleEditTableView.swift */ = {isa = PBXFileReference; lastKnownFileType = sourcecode.swift; path = RuleEditTableView.swift; sourceTree = "<group>"; };
		955F0CB92087E218003A713E /* RuleSummaryCell.swift */ = {isa = PBXFileReference; lastKnownFileType = sourcecode.swift; path = RuleSummaryCell.swift; sourceTree = "<group>"; };
		955F0CBB208A7A91003A713E /* SimulatorProgressViewController.swift */ = {isa = PBXFileReference; lastKnownFileType = sourcecode.swift; path = SimulatorProgressViewController.swift; sourceTree = "<group>"; };
		956119CB206535B5008943A3 /* MTGDecker.app */ = {isa = PBXFileReference; explicitFileType = wrapper.application; includeInIndex = 0; path = MTGDecker.app; sourceTree = BUILT_PRODUCTS_DIR; };
		956119CE206535B5008943A3 /* AppDelegate.swift */ = {isa = PBXFileReference; lastKnownFileType = sourcecode.swift; path = AppDelegate.swift; sourceTree = "<group>"; };
		956119D3206535B5008943A3 /* Base */ = {isa = PBXFileReference; lastKnownFileType = file.storyboard; name = Base; path = Base.lproj/Main.storyboard; sourceTree = "<group>"; };
		956119D6206535B5008943A3 /* MTGDecker.xcdatamodel */ = {isa = PBXFileReference; lastKnownFileType = wrapper.xcdatamodel; path = MTGDecker.xcdatamodel; sourceTree = "<group>"; };
		956119D8206535B5008943A3 /* Assets.xcassets */ = {isa = PBXFileReference; lastKnownFileType = folder.assetcatalog; path = Assets.xcassets; sourceTree = "<group>"; };
		956119DB206535B5008943A3 /* Base */ = {isa = PBXFileReference; lastKnownFileType = file.storyboard; name = Base; path = Base.lproj/LaunchScreen.storyboard; sourceTree = "<group>"; };
		956119DD206535B5008943A3 /* Info.plist */ = {isa = PBXFileReference; lastKnownFileType = text.plist.xml; path = Info.plist; sourceTree = "<group>"; };
		956119E2206535B5008943A3 /* MTGDeckerTests.xctest */ = {isa = PBXFileReference; explicitFileType = wrapper.cfbundle; includeInIndex = 0; path = MTGDeckerTests.xctest; sourceTree = BUILT_PRODUCTS_DIR; };
		956119E6206535B5008943A3 /* MTGDeckerTests.swift */ = {isa = PBXFileReference; lastKnownFileType = sourcecode.swift; path = MTGDeckerTests.swift; sourceTree = "<group>"; };
		956119E8206535B5008943A3 /* Info.plist */ = {isa = PBXFileReference; lastKnownFileType = text.plist.xml; path = Info.plist; sourceTree = "<group>"; };
		956119ED206535B5008943A3 /* MTGDeckerUITests.xctest */ = {isa = PBXFileReference; explicitFileType = wrapper.cfbundle; includeInIndex = 0; path = MTGDeckerUITests.xctest; sourceTree = BUILT_PRODUCTS_DIR; };
		956119F1206535B5008943A3 /* MTGDeckerUITests.swift */ = {isa = PBXFileReference; lastKnownFileType = sourcecode.swift; path = MTGDeckerUITests.swift; sourceTree = "<group>"; };
		956119F3206535B5008943A3 /* Info.plist */ = {isa = PBXFileReference; lastKnownFileType = text.plist.xml; path = Info.plist; sourceTree = "<group>"; };
		95A22B3520686F2400331C4B /* CardNameList.swift */ = {isa = PBXFileReference; lastKnownFileType = sourcecode.swift; path = CardNameList.swift; sourceTree = "<group>"; };
		95A22B3A2068769400331C4B /* CentralNavController.swift */ = {isa = PBXFileReference; lastKnownFileType = sourcecode.swift; path = CentralNavController.swift; sourceTree = "<group>"; };
		95D280F92069AF66008648D0 /* CardNameStarter.rtf */ = {isa = PBXFileReference; lastKnownFileType = text.rtf; path = CardNameStarter.rtf; sourceTree = "<group>"; };
		95D280FB2069B097008648D0 /* SetCodeStarter.rtf */ = {isa = PBXFileReference; lastKnownFileType = text.rtf; path = SetCodeStarter.rtf; sourceTree = "<group>"; };
		95D280FD2069B90A008648D0 /* Subcondition.swift */ = {isa = PBXFileReference; lastKnownFileType = sourcecode.swift; path = Subcondition.swift; sourceTree = "<group>"; };
		95D280FF2069B90A008648D0 /* DeckNew.swift */ = {isa = PBXFileReference; lastKnownFileType = sourcecode.swift; path = DeckNew.swift; sourceTree = "<group>"; };
		95D281032069B90A008648D0 /* MulliganRuleset.swift */ = {isa = PBXFileReference; lastKnownFileType = sourcecode.swift; path = MulliganRuleset.swift; sourceTree = "<group>"; };
		95D281052069B90A008648D0 /* Condition.swift */ = {isa = PBXFileReference; lastKnownFileType = sourcecode.swift; path = Condition.swift; sourceTree = "<group>"; };
		95D281072069B90A008648D0 /* Player.swift */ = {isa = PBXFileReference; lastKnownFileType = sourcecode.swift; path = Player.swift; sourceTree = "<group>"; };
		95D281092069B90A008648D0 /* MCard.swift */ = {isa = PBXFileReference; lastKnownFileType = sourcecode.swift; path = MCard.swift; sourceTree = "<group>"; };
		95D2810B2069B90A008648D0 /* KeepRule.swift */ = {isa = PBXFileReference; lastKnownFileType = sourcecode.swift; path = KeepRule.swift; sourceTree = "<group>"; };
		95D2811D2069BABE008648D0 /* SuccessRule.swift */ = {isa = PBXFileReference; lastKnownFileType = sourcecode.swift; path = SuccessRule.swift; sourceTree = "<group>"; };
		95E02DB7207937C600F82A65 /* Simulator.swift */ = {isa = PBXFileReference; lastKnownFileType = sourcecode.swift; path = Simulator.swift; sourceTree = "<group>"; };
		95F4EF292072DA1D00F5465C /* MTGSDKSwift.framework */ = {isa = PBXFileReference; lastKnownFileType = wrapper.framework; name = MTGSDKSwift.framework; path = Carthage/Build/iOS/MTGSDKSwift.framework; sourceTree = "<group>"; };
		95F4EF2F2072E50D00F5465C /* MCardImage.swift */ = {isa = PBXFileReference; lastKnownFileType = sourcecode.swift; path = MCardImage.swift; sourceTree = "<group>"; };
		95F67219206AF4F900D0034D /* CardTableView.swift */ = {isa = PBXFileReference; lastKnownFileType = sourcecode.swift; path = CardTableView.swift; sourceTree = "<group>"; };
		95F6721B206AF58800D0034D /* CardTableCell.swift */ = {isa = PBXFileReference; lastKnownFileType = sourcecode.swift; path = CardTableCell.swift; sourceTree = "<group>"; };
		95F6721D206AFFC700D0034D /* CardSearchViewController.swift */ = {isa = PBXFileReference; lastKnownFileType = sourcecode.swift; path = CardSearchViewController.swift; sourceTree = "<group>"; };
		95F67220206B0AD400D0034D /* CardSearchCell.swift */ = {isa = PBXFileReference; lastKnownFileType = sourcecode.swift; path = CardSearchCell.swift; sourceTree = "<group>"; };
/* End PBXFileReference section */

/* Begin PBXFrameworksBuildPhase section */
		956119C8206535B5008943A3 /* Frameworks */ = {
			isa = PBXFrameworksBuildPhase;
			buildActionMask = 2147483647;
			files = (
				95F4EF2A2072DA1D00F5465C /* MTGSDKSwift.framework in Frameworks */,
			);
			runOnlyForDeploymentPostprocessing = 0;
		};
		956119DF206535B5008943A3 /* Frameworks */ = {
			isa = PBXFrameworksBuildPhase;
			buildActionMask = 2147483647;
			files = (
				95F4EF2E2072DA6600F5465C /* MTGSDKSwift.framework in Frameworks */,
			);
			runOnlyForDeploymentPostprocessing = 0;
		};
		956119EA206535B5008943A3 /* Frameworks */ = {
			isa = PBXFrameworksBuildPhase;
			buildActionMask = 2147483647;
			files = (
				95F4EF2D2072DA5B00F5465C /* MTGSDKSwift.framework in Frameworks */,
			);
			runOnlyForDeploymentPostprocessing = 0;
		};
/* End PBXFrameworksBuildPhase section */

/* Begin PBXGroup section */
		950959DB208D01B3007A2812 /* Rule Edit Views */ = {
			isa = PBXGroup;
			children = (
				950959DC208D01D0007A2812 /* RuleTable.swift */,
				950959DE208F5261007A2812 /* ConditionCell.swift */,
				950959E0208F531E007A2812 /* AddConditionCell.swift */,
				954D8B9E2091FB9D000A7070 /* LandConditionCell.swift */,
				950495E020964314007DED29 /* SpecificCardCell.swift */,
				950495E220964E32007DED29 /* CardPropertyCell.swift */,
				950495E420966085007DED29 /* PlayableCell.swift */,
				950495DE209637D4007DED29 /* ManaCoverageCell.swift */,
			);
			path = "Rule Edit Views";
			sourceTree = "<group>";
		};
		955C6302206A95520096319E /* Controller */ = {
			isa = PBXGroup;
			children = (
				9533B0812077D78B009D570A /* DeckBuilder.swift */,
				95E02DB7207937C600F82A65 /* Simulator.swift */,
				951940CD208223540033F0F5 /* Simulator-Subcondition-Tests.swift */,
				951940CF2082AC740033F0F5 /* SimulationResult.swift */,
				9557843A207E4E12007F45E8 /* FieldState.swift */,
				9557843C207E68FA007F45E8 /* ManaPool.swift */,
				95E02DB62079378500F82A65 /* ViewControllers */,
			);
			name = Controller;
			sourceTree = "<group>";
		};
		955C630E206AA4AA0096319E /* Player Select Views */ = {
			isa = PBXGroup;
			children = (
				955C6303206A988C0096319E /* PlayerSelTableView.swift */,
				955C6305206A9B440096319E /* PlayerSelectCell.swift */,
			);
			path = "Player Select Views";
			sourceTree = "<group>";
		};
		955C630F206AA4B90096319E /* Deck Select Views */ = {
			isa = PBXGroup;
			children = (
				955C6309206AA4110096319E /* DeckSelectTableView.swift */,
				955C630C206AA4940096319E /* DeckSelectCell.swift */,
			);
			path = "Deck Select Views";
			sourceTree = "<group>";
		};
		955F0CB62087DD58003A713E /* Simulator Views */ = {
			isa = PBXGroup;
			children = (
				955F0CB72087DD6D003A713E /* RuleEditTableView.swift */,
				955F0CB92087E218003A713E /* RuleSummaryCell.swift */,
			);
			path = "Simulator Views";
			sourceTree = "<group>";
		};
		956119C2206535B5008943A3 = {
			isa = PBXGroup;
			children = (
				95F4EF292072DA1D00F5465C /* MTGSDKSwift.framework */,
				956119CD206535B5008943A3 /* MTGDecker */,
				956119E5206535B5008943A3 /* MTGDeckerTests */,
				956119F0206535B5008943A3 /* MTGDeckerUITests */,
				956119CC206535B5008943A3 /* Products */,
				95A4E8A0206852970013CC2E /* Frameworks */,
			);
			sourceTree = "<group>";
		};
		956119CC206535B5008943A3 /* Products */ = {
			isa = PBXGroup;
			children = (
				956119CB206535B5008943A3 /* MTGDecker.app */,
				956119E2206535B5008943A3 /* MTGDeckerTests.xctest */,
				956119ED206535B5008943A3 /* MTGDeckerUITests.xctest */,
			);
			name = Products;
			sourceTree = "<group>";
		};
		956119CD206535B5008943A3 /* MTGDecker */ = {
			isa = PBXGroup;
			children = (
				955C6302206A95520096319E /* Controller */,
				95A22B392068768200331C4B /* View */,
				956119FF206535EC008943A3 /* Model */,
				956119CE206535B5008943A3 /* AppDelegate.swift */,
				956119D2206535B5008943A3 /* Main.storyboard */,
				956119D8206535B5008943A3 /* Assets.xcassets */,
				956119DA206535B5008943A3 /* LaunchScreen.storyboard */,
				956119DD206535B5008943A3 /* Info.plist */,
				956119D5206535B5008943A3 /* MTGDecker.xcdatamodeld */,
				95D280FB2069B097008648D0 /* SetCodeStarter.rtf */,
				95D280F92069AF66008648D0 /* CardNameStarter.rtf */,
			);
			path = MTGDecker;
			sourceTree = "<group>";
		};
		956119E5206535B5008943A3 /* MTGDeckerTests */ = {
			isa = PBXGroup;
			children = (
				956119E6206535B5008943A3 /* MTGDeckerTests.swift */,
				956119E8206535B5008943A3 /* Info.plist */,
			);
			path = MTGDeckerTests;
			sourceTree = "<group>";
		};
		956119F0206535B5008943A3 /* MTGDeckerUITests */ = {
			isa = PBXGroup;
			children = (
				956119F1206535B5008943A3 /* MTGDeckerUITests.swift */,
				956119F3206535B5008943A3 /* Info.plist */,
			);
			path = MTGDeckerUITests;
			sourceTree = "<group>";
		};
		956119FF206535EC008943A3 /* Model */ = {
			isa = PBXGroup;
			children = (
				95F4EF2F2072E50D00F5465C /* MCardImage.swift */,
				95D281072069B90A008648D0 /* Player.swift */,
				95D280FF2069B90A008648D0 /* DeckNew.swift */,
				95D281092069B90A008648D0 /* MCard.swift */,
				95578438207C2A27007F45E8 /* MCardLand.swift */,
				95D2811D2069BABE008648D0 /* SuccessRule.swift */,
				95D281032069B90A008648D0 /* MulliganRuleset.swift */,
				95D2810B2069B90A008648D0 /* KeepRule.swift */,
				95D281052069B90A008648D0 /* Condition.swift */,
				95D280FD2069B90A008648D0 /* Subcondition.swift */,
				954D8BA02092B238000A7070 /* Softcondition.swift */,
				95A22B3520686F2400331C4B /* CardNameList.swift */,
			);
			name = Model;
			sourceTree = "<group>";
		};
		95A22B392068768200331C4B /* View */ = {
			isa = PBXGroup;
			children = (
				950959DB208D01B3007A2812 /* Rule Edit Views */,
				955F0CB62087DD58003A713E /* Simulator Views */,
				95F6721F206B0AC100D0034D /* Card Search Views */,
				95F67218206AF4D500D0034D /* Deck Detail Views */,
				955C630F206AA4B90096319E /* Deck Select Views */,
				955C630E206AA4AA0096319E /* Player Select Views */,
			);
			name = View;
			sourceTree = "<group>";
		};
		95A4E8A0206852970013CC2E /* Frameworks */ = {
			isa = PBXGroup;
			children = (
			);
			name = Frameworks;
			sourceTree = "<group>";
		};
		95E02DB62079378500F82A65 /* ViewControllers */ = {
			isa = PBXGroup;
			children = (
				95A22B3A2068769400331C4B /* CentralNavController.swift */,
				955C6300206A93690096319E /* PlayerSelectTableViewController.swift */,
				955C6307206AA3A80096319E /* DeckSelectViewController.swift */,
				9500686B206AC09C0047B1B6 /* DeckDetailViewController.swift */,
				95F6721D206AFFC700D0034D /* CardSearchViewController.swift */,
				9533B07E2073E684009D570A /* CardImageViewController.swift */,
				951940D1208388530033F0F5 /* SimulatorViewController.swift */,
				955F0CBB208A7A91003A713E /* SimulatorProgressViewController.swift */,
				950959D9208D005F007A2812 /* RuleEditViewController.swift */,
			);
			name = ViewControllers;
			sourceTree = "<group>";
		};
		95F67218206AF4D500D0034D /* Deck Detail Views */ = {
			isa = PBXGroup;
			children = (
				95F67219206AF4F900D0034D /* CardTableView.swift */,
				95F6721B206AF58800D0034D /* CardTableCell.swift */,
			);
			path = "Deck Detail Views";
			sourceTree = "<group>";
		};
		95F6721F206B0AC100D0034D /* Card Search Views */ = {
			isa = PBXGroup;
			children = (
				95F67220206B0AD400D0034D /* CardSearchCell.swift */,
			);
			path = "Card Search Views";
			sourceTree = "<group>";
		};
/* End PBXGroup section */

/* Begin PBXNativeTarget section */
		956119CA206535B5008943A3 /* MTGDecker */ = {
			isa = PBXNativeTarget;
			buildConfigurationList = 956119F6206535B5008943A3 /* Build configuration list for PBXNativeTarget "MTGDecker" */;
			buildPhases = (
				956119C7206535B5008943A3 /* Sources */,
				956119C8206535B5008943A3 /* Frameworks */,
				956119C9206535B5008943A3 /* Resources */,
				95F4EF2C2072DA1D00F5465C /* Embed Frameworks */,
			);
			buildRules = (
			);
			dependencies = (
			);
			name = MTGDecker;
			productName = MTGDecker;
			productReference = 956119CB206535B5008943A3 /* MTGDecker.app */;
			productType = "com.apple.product-type.application";
		};
		956119E1206535B5008943A3 /* MTGDeckerTests */ = {
			isa = PBXNativeTarget;
			buildConfigurationList = 956119F9206535B5008943A3 /* Build configuration list for PBXNativeTarget "MTGDeckerTests" */;
			buildPhases = (
				956119DE206535B5008943A3 /* Sources */,
				956119DF206535B5008943A3 /* Frameworks */,
				956119E0206535B5008943A3 /* Resources */,
			);
			buildRules = (
			);
			dependencies = (
				956119E4206535B5008943A3 /* PBXTargetDependency */,
			);
			name = MTGDeckerTests;
			productName = MTGDeckerTests;
			productReference = 956119E2206535B5008943A3 /* MTGDeckerTests.xctest */;
			productType = "com.apple.product-type.bundle.unit-test";
		};
		956119EC206535B5008943A3 /* MTGDeckerUITests */ = {
			isa = PBXNativeTarget;
			buildConfigurationList = 956119FC206535B5008943A3 /* Build configuration list for PBXNativeTarget "MTGDeckerUITests" */;
			buildPhases = (
				956119E9206535B5008943A3 /* Sources */,
				956119EA206535B5008943A3 /* Frameworks */,
				956119EB206535B5008943A3 /* Resources */,
			);
			buildRules = (
			);
			dependencies = (
				956119EF206535B5008943A3 /* PBXTargetDependency */,
			);
			name = MTGDeckerUITests;
			productName = MTGDeckerUITests;
			productReference = 956119ED206535B5008943A3 /* MTGDeckerUITests.xctest */;
			productType = "com.apple.product-type.bundle.ui-testing";
		};
/* End PBXNativeTarget section */

/* Begin PBXProject section */
		956119C3206535B5008943A3 /* Project object */ = {
			isa = PBXProject;
			attributes = {
				LastSwiftUpdateCheck = 0820;
				LastUpgradeCheck = 0930;
				ORGANIZATIONNAME = Taylor;
				TargetAttributes = {
					956119CA206535B5008943A3 = {
						CreatedOnToolsVersion = 8.2.1;
						DevelopmentTeam = Q74732HCD9;
						LastSwiftMigration = 0920;
						ProvisioningStyle = Automatic;
					};
					956119E1206535B5008943A3 = {
						CreatedOnToolsVersion = 8.2.1;
						DevelopmentTeam = Q74732HCD9;
						LastSwiftMigration = 0920;
						ProvisioningStyle = Automatic;
						TestTargetID = 956119CA206535B5008943A3;
					};
					956119EC206535B5008943A3 = {
						CreatedOnToolsVersion = 8.2.1;
						DevelopmentTeam = Q74732HCD9;
						LastSwiftMigration = 0920;
						ProvisioningStyle = Automatic;
						TestTargetID = 956119CA206535B5008943A3;
					};
				};
			};
			buildConfigurationList = 956119C6206535B5008943A3 /* Build configuration list for PBXProject "MTGDecker" */;
			compatibilityVersion = "Xcode 3.2";
			developmentRegion = English;
			hasScannedForEncodings = 0;
			knownRegions = (
				en,
				Base,
			);
			mainGroup = 956119C2206535B5008943A3;
			productRefGroup = 956119CC206535B5008943A3 /* Products */;
			projectDirPath = "";
			projectRoot = "";
			targets = (
				956119CA206535B5008943A3 /* MTGDecker */,
				956119E1206535B5008943A3 /* MTGDeckerTests */,
				956119EC206535B5008943A3 /* MTGDeckerUITests */,
			);
		};
/* End PBXProject section */

/* Begin PBXResourcesBuildPhase section */
		956119C9206535B5008943A3 /* Resources */ = {
			isa = PBXResourcesBuildPhase;
			buildActionMask = 2147483647;
			files = (
				95D280FC2069B097008648D0 /* SetCodeStarter.rtf in Resources */,
				9533B0802073E727009D570A /* Main.storyboard in Resources */,
				956119DC206535B5008943A3 /* LaunchScreen.storyboard in Resources */,
				95D280FA2069AF66008648D0 /* CardNameStarter.rtf in Resources */,
				956119D9206535B5008943A3 /* Assets.xcassets in Resources */,
			);
			runOnlyForDeploymentPostprocessing = 0;
		};
		956119E0206535B5008943A3 /* Resources */ = {
			isa = PBXResourcesBuildPhase;
			buildActionMask = 2147483647;
			files = (
			);
			runOnlyForDeploymentPostprocessing = 0;
		};
		956119EB206535B5008943A3 /* Resources */ = {
			isa = PBXResourcesBuildPhase;
			buildActionMask = 2147483647;
			files = (
			);
			runOnlyForDeploymentPostprocessing = 0;
		};
/* End PBXResourcesBuildPhase section */

/* Begin PBXSourcesBuildPhase section */
		956119C7206535B5008943A3 /* Sources */ = {
			isa = PBXSourcesBuildPhase;
			buildActionMask = 2147483647;
			files = (
				955F0CBC208A7A91003A713E /* SimulatorProgressViewController.swift in Sources */,
				950959E1208F531E007A2812 /* AddConditionCell.swift in Sources */,
				9557843D207E68FA007F45E8 /* ManaPool.swift in Sources */,
				95A22B3720686F2400331C4B /* CardNameList.swift in Sources */,
				95F6721C206AF58800D0034D /* CardTableCell.swift in Sources */,
				950959DF208F5261007A2812 /* ConditionCell.swift in Sources */,
				955C6304206A988C0096319E /* PlayerSelTableView.swift in Sources */,
				950959DA208D005F007A2812 /* RuleEditViewController.swift in Sources */,
				9500686C206AC09C0047B1B6 /* DeckDetailViewController.swift in Sources */,
				950495E120964314007DED29 /* SpecificCardCell.swift in Sources */,
				955C630D206AA4940096319E /* DeckSelectCell.swift in Sources */,
				95D281172069B90A008648D0 /* Player.swift in Sources */,
				955F0CB82087DD6D003A713E /* RuleEditTableView.swift in Sources */,
				956119D7206535B5008943A3 /* MTGDecker.xcdatamodeld in Sources */,
				951940CE208223540033F0F5 /* Simulator-Subcondition-Tests.swift in Sources */,
				95F4EF312072E50D00F5465C /* MCardImage.swift in Sources */,
				954D8BA12092B238000A7070 /* Softcondition.swift in Sources */,
				951940D2208388530033F0F5 /* SimulatorViewController.swift in Sources */,
				95D2810F2069B90A008648D0 /* DeckNew.swift in Sources */,
				9557843B207E4E12007F45E8 /* FieldState.swift in Sources */,
				95F6721A206AF4F900D0034D /* CardTableView.swift in Sources */,
				954D8B9F2091FB9D000A7070 /* LandConditionCell.swift in Sources */,
				95D281192069B90A008648D0 /* MCard.swift in Sources */,
				950959DD208D01D0007A2812 /* RuleTable.swift in Sources */,
				95D281132069B90A008648D0 /* MulliganRuleset.swift in Sources */,
				950495E520966085007DED29 /* PlayableCell.swift in Sources */,
				9533B0822077D78B009D570A /* DeckBuilder.swift in Sources */,
				955F0CBA2087E218003A713E /* RuleSummaryCell.swift in Sources */,
				95F6721E206AFFC700D0034D /* CardSearchViewController.swift in Sources */,
				95E02DB8207937C600F82A65 /* Simulator.swift in Sources */,
				950495DF209637D4007DED29 /* ManaCoverageCell.swift in Sources */,
				95F4EF3520732BD000F5465C /* AppDelegate.swift in Sources */,
				955C630A206AA4110096319E /* DeckSelectTableView.swift in Sources */,
				95D2810D2069B90A008648D0 /* Subcondition.swift in Sources */,
				951940D02082AC740033F0F5 /* SimulationResult.swift in Sources */,
				955C6306206A9B440096319E /* PlayerSelectCell.swift in Sources */,
				95D281152069B90A008648D0 /* Condition.swift in Sources */,
				955C6301206A93690096319E /* PlayerSelectTableViewController.swift in Sources */,
				95D2811B2069B90A008648D0 /* KeepRule.swift in Sources */,
				95A22B3B2068769400331C4B /* CentralNavController.swift in Sources */,
				95D2811F2069BABE008648D0 /* SuccessRule.swift in Sources */,
				95578439207C2A28007F45E8 /* MCardLand.swift in Sources */,
				95F67221206B0AD400D0034D /* CardSearchCell.swift in Sources */,
				950495E320964E32007DED29 /* CardPropertyCell.swift in Sources */,
				9533B07F2073E684009D570A /* CardImageViewController.swift in Sources */,
				955C6308206AA3A80096319E /* DeckSelectViewController.swift in Sources */,
			);
			runOnlyForDeploymentPostprocessing = 0;
		};
		956119DE206535B5008943A3 /* Sources */ = {
			isa = PBXSourcesBuildPhase;
			buildActionMask = 2147483647;
			files = (
				956119E7206535B5008943A3 /* MTGDeckerTests.swift in Sources */,
			);
			runOnlyForDeploymentPostprocessing = 0;
		};
		956119E9206535B5008943A3 /* Sources */ = {
			isa = PBXSourcesBuildPhase;
			buildActionMask = 2147483647;
			files = (
				956119F2206535B5008943A3 /* MTGDeckerUITests.swift in Sources */,
			);
			runOnlyForDeploymentPostprocessing = 0;
		};
/* End PBXSourcesBuildPhase section */

/* Begin PBXTargetDependency section */
		956119E4206535B5008943A3 /* PBXTargetDependency */ = {
			isa = PBXTargetDependency;
			target = 956119CA206535B5008943A3 /* MTGDecker */;
			targetProxy = 956119E3206535B5008943A3 /* PBXContainerItemProxy */;
		};
		956119EF206535B5008943A3 /* PBXTargetDependency */ = {
			isa = PBXTargetDependency;
			target = 956119CA206535B5008943A3 /* MTGDecker */;
			targetProxy = 956119EE206535B5008943A3 /* PBXContainerItemProxy */;
		};
/* End PBXTargetDependency section */

/* Begin PBXVariantGroup section */
		956119D2206535B5008943A3 /* Main.storyboard */ = {
			isa = PBXVariantGroup;
			children = (
				956119D3206535B5008943A3 /* Base */,
			);
			name = Main.storyboard;
			sourceTree = "<group>";
		};
		956119DA206535B5008943A3 /* LaunchScreen.storyboard */ = {
			isa = PBXVariantGroup;
			children = (
				956119DB206535B5008943A3 /* Base */,
			);
			name = LaunchScreen.storyboard;
			sourceTree = "<group>";
		};
/* End PBXVariantGroup section */

/* Begin XCBuildConfiguration section */
		956119F4206535B5008943A3 /* Debug */ = {
			isa = XCBuildConfiguration;
			buildSettings = {
				ALWAYS_SEARCH_USER_PATHS = NO;
				CLANG_ANALYZER_NONNULL = YES;
				CLANG_CXX_LANGUAGE_STANDARD = "gnu++0x";
				CLANG_CXX_LIBRARY = "libc++";
				CLANG_ENABLE_MODULES = YES;
				CLANG_ENABLE_OBJC_ARC = YES;
				CLANG_WARN_BLOCK_CAPTURE_AUTORELEASING = YES;
				CLANG_WARN_BOOL_CONVERSION = YES;
				CLANG_WARN_COMMA = YES;
				CLANG_WARN_CONSTANT_CONVERSION = YES;
				CLANG_WARN_DEPRECATED_OBJC_IMPLEMENTATIONS = YES;
				CLANG_WARN_DIRECT_OBJC_ISA_USAGE = YES_ERROR;
				CLANG_WARN_DOCUMENTATION_COMMENTS = YES;
				CLANG_WARN_EMPTY_BODY = YES;
				CLANG_WARN_ENUM_CONVERSION = YES;
				CLANG_WARN_INFINITE_RECURSION = YES;
				CLANG_WARN_INT_CONVERSION = YES;
				CLANG_WARN_NON_LITERAL_NULL_CONVERSION = YES;
				CLANG_WARN_OBJC_IMPLICIT_RETAIN_SELF = YES;
				CLANG_WARN_OBJC_LITERAL_CONVERSION = YES;
				CLANG_WARN_OBJC_ROOT_CLASS = YES_ERROR;
				CLANG_WARN_RANGE_LOOP_ANALYSIS = YES;
				CLANG_WARN_STRICT_PROTOTYPES = YES;
				CLANG_WARN_SUSPICIOUS_MOVE = YES;
				CLANG_WARN_UNREACHABLE_CODE = YES;
				CLANG_WARN__DUPLICATE_METHOD_MATCH = YES;
				"CODE_SIGN_IDENTITY[sdk=iphoneos*]" = "iPhone Developer";
				COPY_PHASE_STRIP = NO;
				DEBUG_INFORMATION_FORMAT = dwarf;
				ENABLE_STRICT_OBJC_MSGSEND = YES;
				ENABLE_TESTABILITY = YES;
				GCC_C_LANGUAGE_STANDARD = gnu99;
				GCC_DYNAMIC_NO_PIC = NO;
				GCC_NO_COMMON_BLOCKS = YES;
				GCC_OPTIMIZATION_LEVEL = 0;
				GCC_PREPROCESSOR_DEFINITIONS = (
					"DEBUG=1",
					"$(inherited)",
				);
				GCC_WARN_64_TO_32_BIT_CONVERSION = YES;
				GCC_WARN_ABOUT_RETURN_TYPE = YES_ERROR;
				GCC_WARN_UNDECLARED_SELECTOR = YES;
				GCC_WARN_UNINITIALIZED_AUTOS = YES_AGGRESSIVE;
				GCC_WARN_UNUSED_FUNCTION = YES;
				GCC_WARN_UNUSED_VARIABLE = YES;
				IPHONEOS_DEPLOYMENT_TARGET = 11.0;
				MTL_ENABLE_DEBUG_INFO = YES;
				ONLY_ACTIVE_ARCH = YES;
				SDKROOT = iphoneos;
				SWIFT_ACTIVE_COMPILATION_CONDITIONS = DEBUG;
				SWIFT_OPTIMIZATION_LEVEL = "-Onone";
				TARGETED_DEVICE_FAMILY = "1,2";
			};
			name = Debug;
		};
		956119F5206535B5008943A3 /* Release */ = {
			isa = XCBuildConfiguration;
			buildSettings = {
				ALWAYS_SEARCH_USER_PATHS = NO;
				CLANG_ANALYZER_NONNULL = YES;
				CLANG_CXX_LANGUAGE_STANDARD = "gnu++0x";
				CLANG_CXX_LIBRARY = "libc++";
				CLANG_ENABLE_MODULES = YES;
				CLANG_ENABLE_OBJC_ARC = YES;
				CLANG_WARN_BLOCK_CAPTURE_AUTORELEASING = YES;
				CLANG_WARN_BOOL_CONVERSION = YES;
				CLANG_WARN_COMMA = YES;
				CLANG_WARN_CONSTANT_CONVERSION = YES;
				CLANG_WARN_DEPRECATED_OBJC_IMPLEMENTATIONS = YES;
				CLANG_WARN_DIRECT_OBJC_ISA_USAGE = YES_ERROR;
				CLANG_WARN_DOCUMENTATION_COMMENTS = YES;
				CLANG_WARN_EMPTY_BODY = YES;
				CLANG_WARN_ENUM_CONVERSION = YES;
				CLANG_WARN_INFINITE_RECURSION = YES;
				CLANG_WARN_INT_CONVERSION = YES;
				CLANG_WARN_NON_LITERAL_NULL_CONVERSION = YES;
				CLANG_WARN_OBJC_IMPLICIT_RETAIN_SELF = YES;
				CLANG_WARN_OBJC_LITERAL_CONVERSION = YES;
				CLANG_WARN_OBJC_ROOT_CLASS = YES_ERROR;
				CLANG_WARN_RANGE_LOOP_ANALYSIS = YES;
				CLANG_WARN_STRICT_PROTOTYPES = YES;
				CLANG_WARN_SUSPICIOUS_MOVE = YES;
				CLANG_WARN_UNREACHABLE_CODE = YES;
				CLANG_WARN__DUPLICATE_METHOD_MATCH = YES;
				"CODE_SIGN_IDENTITY[sdk=iphoneos*]" = "iPhone Developer";
				COPY_PHASE_STRIP = NO;
				DEBUG_INFORMATION_FORMAT = "dwarf-with-dsym";
				ENABLE_NS_ASSERTIONS = NO;
				ENABLE_STRICT_OBJC_MSGSEND = YES;
				GCC_C_LANGUAGE_STANDARD = gnu99;
				GCC_NO_COMMON_BLOCKS = YES;
				GCC_WARN_64_TO_32_BIT_CONVERSION = YES;
				GCC_WARN_ABOUT_RETURN_TYPE = YES_ERROR;
				GCC_WARN_UNDECLARED_SELECTOR = YES;
				GCC_WARN_UNINITIALIZED_AUTOS = YES_AGGRESSIVE;
				GCC_WARN_UNUSED_FUNCTION = YES;
				GCC_WARN_UNUSED_VARIABLE = YES;
				IPHONEOS_DEPLOYMENT_TARGET = 11.0;
				MTL_ENABLE_DEBUG_INFO = NO;
				SDKROOT = iphoneos;
				SWIFT_OPTIMIZATION_LEVEL = "-Owholemodule";
				TARGETED_DEVICE_FAMILY = "1,2";
				VALIDATE_PRODUCT = YES;
			};
			name = Release;
		};
		956119F7206535B5008943A3 /* Debug */ = {
			isa = XCBuildConfiguration;
			buildSettings = {
				ASSETCATALOG_COMPILER_APPICON_NAME = AppIcon;
				DEFINES_MODULE = NO;
				DEVELOPMENT_TEAM = Q74732HCD9;
				FRAMEWORK_SEARCH_PATHS = (
					"$(inherited)",
					"$(PROJECT_DIR)",
					"$(PROJECT_DIR)/Carthage/Build/iOS",
				);
				INFOPLIST_FILE = MTGDecker/Info.plist;
				LD_RUNPATH_SEARCH_PATHS = "$(inherited) @executable_path/Frameworks";
				PRODUCT_BUNDLE_IDENTIFIER = Taylor.MTGDecker;
				PRODUCT_NAME = "$(TARGET_NAME)";
				SWIFT_SWIFT3_OBJC_INFERENCE = On;
				SWIFT_VERSION = 4.0;
			};
			name = Debug;
		};
		956119F8206535B5008943A3 /* Release */ = {
			isa = XCBuildConfiguration;
			buildSettings = {
				ASSETCATALOG_COMPILER_APPICON_NAME = AppIcon;
				DEFINES_MODULE = NO;
				DEVELOPMENT_TEAM = Q74732HCD9;
				FRAMEWORK_SEARCH_PATHS = (
					"$(inherited)",
					"$(PROJECT_DIR)",
					"$(PROJECT_DIR)/Carthage/Build/iOS",
				);
				INFOPLIST_FILE = MTGDecker/Info.plist;
				LD_RUNPATH_SEARCH_PATHS = "$(inherited) @executable_path/Frameworks";
				PRODUCT_BUNDLE_IDENTIFIER = Taylor.MTGDecker;
				PRODUCT_NAME = "$(TARGET_NAME)";
				SWIFT_SWIFT3_OBJC_INFERENCE = On;
				SWIFT_VERSION = 4.0;
			};
			name = Release;
		};
		956119FA206535B5008943A3 /* Debug */ = {
			isa = XCBuildConfiguration;
			buildSettings = {
				ALWAYS_EMBED_SWIFT_STANDARD_LIBRARIES = YES;
				BUNDLE_LOADER = "$(TEST_HOST)";
				DEVELOPMENT_TEAM = Q74732HCD9;
				FRAMEWORK_SEARCH_PATHS = (
					"$(inherited)",
					"$(PROJECT_DIR)",
					"$(PROJECT_DIR)/Carthage/Build/iOS",
				);
				INFOPLIST_FILE = MTGDeckerTests/Info.plist;
				LD_RUNPATH_SEARCH_PATHS = "$(inherited) @executable_path/Frameworks @loader_path/Frameworks";
				PRODUCT_BUNDLE_IDENTIFIER = Taylor.MTGDeckerTests;
				PRODUCT_NAME = "$(TARGET_NAME)";
				SWIFT_SWIFT3_OBJC_INFERENCE = On;
				SWIFT_VERSION = 4.0;
				TEST_HOST = "$(BUILT_PRODUCTS_DIR)/MTGDecker.app/MTGDecker";
			};
			name = Debug;
		};
		956119FB206535B5008943A3 /* Release */ = {
			isa = XCBuildConfiguration;
			buildSettings = {
				ALWAYS_EMBED_SWIFT_STANDARD_LIBRARIES = YES;
				BUNDLE_LOADER = "$(TEST_HOST)";
				DEVELOPMENT_TEAM = Q74732HCD9;
				FRAMEWORK_SEARCH_PATHS = (
					"$(inherited)",
					"$(PROJECT_DIR)",
					"$(PROJECT_DIR)/Carthage/Build/iOS",
				);
				INFOPLIST_FILE = MTGDeckerTests/Info.plist;
				LD_RUNPATH_SEARCH_PATHS = "$(inherited) @executable_path/Frameworks @loader_path/Frameworks";
				PRODUCT_BUNDLE_IDENTIFIER = Taylor.MTGDeckerTests;
				PRODUCT_NAME = "$(TARGET_NAME)";
				SWIFT_SWIFT3_OBJC_INFERENCE = On;
				SWIFT_VERSION = 4.0;
				TEST_HOST = "$(BUILT_PRODUCTS_DIR)/MTGDecker.app/MTGDecker";
			};
			name = Release;
		};
		956119FD206535B5008943A3 /* Debug */ = {
			isa = XCBuildConfiguration;
			buildSettings = {
				ALWAYS_EMBED_SWIFT_STANDARD_LIBRARIES = YES;
				DEVELOPMENT_TEAM = Q74732HCD9;
				FRAMEWORK_SEARCH_PATHS = (
					"$(inherited)",
					"$(PROJECT_DIR)",
					"$(PROJECT_DIR)/Carthage/Build/iOS",
				);
				INFOPLIST_FILE = MTGDeckerUITests/Info.plist;
				LD_RUNPATH_SEARCH_PATHS = "$(inherited) @executable_path/Frameworks @loader_path/Frameworks";
				PRODUCT_BUNDLE_IDENTIFIER = Taylor.MTGDeckerUITests;
				PRODUCT_NAME = "$(TARGET_NAME)";
				SWIFT_SWIFT3_OBJC_INFERENCE = On;
				SWIFT_VERSION = 4.0;
				TEST_TARGET_NAME = MTGDecker;
			};
			name = Debug;
		};
		956119FE206535B5008943A3 /* Release */ = {
			isa = XCBuildConfiguration;
			buildSettings = {
				ALWAYS_EMBED_SWIFT_STANDARD_LIBRARIES = YES;
				DEVELOPMENT_TEAM = Q74732HCD9;
				FRAMEWORK_SEARCH_PATHS = (
					"$(inherited)",
					"$(PROJECT_DIR)",
					"$(PROJECT_DIR)/Carthage/Build/iOS",
				);
				INFOPLIST_FILE = MTGDeckerUITests/Info.plist;
				LD_RUNPATH_SEARCH_PATHS = "$(inherited) @executable_path/Frameworks @loader_path/Frameworks";
				PRODUCT_BUNDLE_IDENTIFIER = Taylor.MTGDeckerUITests;
				PRODUCT_NAME = "$(TARGET_NAME)";
				SWIFT_SWIFT3_OBJC_INFERENCE = On;
				SWIFT_VERSION = 4.0;
				TEST_TARGET_NAME = MTGDecker;
			};
			name = Release;
		};
/* End XCBuildConfiguration section */

/* Begin XCConfigurationList section */
		956119C6206535B5008943A3 /* Build configuration list for PBXProject "MTGDecker" */ = {
			isa = XCConfigurationList;
			buildConfigurations = (
				956119F4206535B5008943A3 /* Debug */,
				956119F5206535B5008943A3 /* Release */,
			);
			defaultConfigurationIsVisible = 0;
			defaultConfigurationName = Release;
		};
		956119F6206535B5008943A3 /* Build configuration list for PBXNativeTarget "MTGDecker" */ = {
			isa = XCConfigurationList;
			buildConfigurations = (
				956119F7206535B5008943A3 /* Debug */,
				956119F8206535B5008943A3 /* Release */,
			);
			defaultConfigurationIsVisible = 0;
			defaultConfigurationName = Release;
		};
		956119F9206535B5008943A3 /* Build configuration list for PBXNativeTarget "MTGDeckerTests" */ = {
			isa = XCConfigurationList;
			buildConfigurations = (
				956119FA206535B5008943A3 /* Debug */,
				956119FB206535B5008943A3 /* Release */,
			);
			defaultConfigurationIsVisible = 0;
			defaultConfigurationName = Release;
		};
		956119FC206535B5008943A3 /* Build configuration list for PBXNativeTarget "MTGDeckerUITests" */ = {
			isa = XCConfigurationList;
			buildConfigurations = (
				956119FD206535B5008943A3 /* Debug */,
				956119FE206535B5008943A3 /* Release */,
			);
			defaultConfigurationIsVisible = 0;
			defaultConfigurationName = Release;
		};
/* End XCConfigurationList section */

/* Begin XCVersionGroup section */
		956119D5206535B5008943A3 /* MTGDecker.xcdatamodeld */ = {
			isa = XCVersionGroup;
			children = (
				956119D6206535B5008943A3 /* MTGDecker.xcdatamodel */,
			);
			currentVersion = 956119D6206535B5008943A3 /* MTGDecker.xcdatamodel */;
			path = MTGDecker.xcdatamodeld;
			sourceTree = "<group>";
			versionGroupType = wrapper.xcdatamodel;
		};
/* End XCVersionGroup section */
	};
	rootObject = 956119C3206535B5008943A3 /* Project object */;
}
